{
  "name": "@padcom/npm-coordinates-parser",
  "version": "0.0.1",
  "lockfileVersion": 2,
  "requires": true,
  "packages": {
    "": {
      "name": "@padcom/npm-coordinates-parser",
      "version": "0.0.1",
      "license": "MIT",
      "funding": {
        "type": "patreon",
        "url": "https://www.patreon.com/padcom"
      }
    }
  }
}
